
Microsoft Visual Studio Solution File, Format Version 12.00
# Visual Studio Version 16
VisualStudioVersion = 16.0.29123.88
MinimumVisualStudioVersion = 10.0.40219.1
Project("{FAE04EC0-301F-11D3-BF4B-00C04F79EFBC}") = "SAFE_Soft", "SAFE_Soft\SAFE_Soft.csproj", "{55256AC6-005C-458F-A52F-1DE171C368E6}"
EndProject
Project("{FAE04EC0-301F-11D3-BF4B-00C04F79EFBC}") = "SAFE_Soft.Tests", "SAFE_Soft.Tests\SAFE_Soft.Tests.csproj", "{033D61BA-EBA6-4369-829C-EDA358D24311}"
EndProject
Global
	GlobalSection(SolutionConfigurationPlatforms) = preSolution
		Debug|Any CPU = Debug|Any CPU
		Release|Any CPU = Release|Any CPU
	EndGlobalSection
	GlobalSection(ProjectConfigurationPlatforms) = postSolution
		{55256AC6-005C-458F-A52F-1DE171C368E6}.Debug|Any CPU.ActiveCfg = Debug|Any CPU
		{55256AC6-005C-458F-A52F-1DE171C368E6}.Debug|Any CPU.Build.0 = Debug|Any CPU
		{55256AC6-005C-458F-A52F-1DE171C368E6}.Release|Any CPU.ActiveCfg = Release|Any CPU
		{55256AC6-005C-458F-A52F-1DE171C368E6}.Release|Any CPU.Build.0 = Release|Any CPU
		{033D61BA-EBA6-4369-829C-EDA358D24311}.Debug|Any CPU.ActiveCfg = Debug|Any CPU
		{033D61BA-EBA6-4369-829C-EDA358D24311}.Debug|Any CPU.Build.0 = Debug|Any CPU
		{033D61BA-EBA6-4369-829C-EDA358D24311}.Release|Any CPU.ActiveCfg = Release|Any CPU
		{033D61BA-EBA6-4369-829C-EDA358D24311}.Release|Any CPU.Build.0 = Release|Any CPU
	EndGlobalSection
	GlobalSection(SolutionProperties) = preSolution
		HideSolutionNode = FALSE
	EndGlobalSection
	GlobalSection(ExtensibilityGlobals) = postSolution
		SolutionGuid = {62C7D614-D88C-48FD-ACA2-75A0324BD585}
	EndGlobalSection
EndGlobal
